{
  "name": "mazlana",
  "version": "1.0.0",
  "lockfileVersion": 3,
  "requires": true,
  "packages": {
    "": {
      "name": "mazlana",
      "version": "1.0.0",
      "devDependencies": {
        "wrangler": "^3.0.0"
      }
    },
    "node_modules/wrangler": {
      "version": "3.26.0",
      "resolved": "https://registry.npmjs.org/wrangler/-/wrangler-3.26.0.tgz",
      "integrity": "sha512-..."
    }
  }
}
